
Microsoft Visual Studio Solution File, Format Version 12.00
# Visual Studio 14
VisualStudioVersion = 14.0.24720.0
MinimumVisualStudioVersion = 10.0.40219.1
Project("{FAE04EC0-301F-11D3-BF4B-00C04F79EFBC}") = "Super.Lotto", "Super.Lotto\Super.Lotto.csproj", "{CC1DEF2D-61DB-42ED-8D9B-42B26A568DB6}"
EndProject
Project("{2150E333-8FDC-42A3-9474-1A3956D46DE8}") = "Solution Items", "Solution Items", "{FEED95F4-E733-4575-A220-B7057903FDF6}"
	ProjectSection(SolutionItems) = preProject
		说明文档.txt = 说明文档.txt
		长期作业1.txt = 长期作业1.txt
	EndProjectSection
EndProject
Project("{FAE04EC0-301F-11D3-BF4B-00C04F79EFBC}") = "Model", "Model\Model.csproj", "{88E49A74-2543-433C-ACA1-AC46E13FBB9D}"
EndProject
Project("{FAE04EC0-301F-11D3-BF4B-00C04F79EFBC}") = "Common", "Common\Common.csproj", "{F7EEB155-A549-4D19-81F5-C98D0AC7F176}"
EndProject
Global
	GlobalSection(SolutionConfigurationPlatforms) = preSolution
		Debug|Any CPU = Debug|Any CPU
		Release|Any CPU = Release|Any CPU
	EndGlobalSection
	GlobalSection(ProjectConfigurationPlatforms) = postSolution
		{CC1DEF2D-61DB-42ED-8D9B-42B26A568DB6}.Debug|Any CPU.ActiveCfg = Debug|Any CPU
		{CC1DEF2D-61DB-42ED-8D9B-42B26A568DB6}.Debug|Any CPU.Build.0 = Debug|Any CPU
		{CC1DEF2D-61DB-42ED-8D9B-42B26A568DB6}.Release|Any CPU.ActiveCfg = Release|Any CPU
		{CC1DEF2D-61DB-42ED-8D9B-42B26A568DB6}.Release|Any CPU.Build.0 = Release|Any CPU
		{88E49A74-2543-433C-ACA1-AC46E13FBB9D}.Debug|Any CPU.ActiveCfg = Debug|Any CPU
		{88E49A74-2543-433C-ACA1-AC46E13FBB9D}.Debug|Any CPU.Build.0 = Debug|Any CPU
		{88E49A74-2543-433C-ACA1-AC46E13FBB9D}.Release|Any CPU.ActiveCfg = Release|Any CPU
		{88E49A74-2543-433C-ACA1-AC46E13FBB9D}.Release|Any CPU.Build.0 = Release|Any CPU
		{F7EEB155-A549-4D19-81F5-C98D0AC7F176}.Debug|Any CPU.ActiveCfg = Debug|Any CPU
		{F7EEB155-A549-4D19-81F5-C98D0AC7F176}.Debug|Any CPU.Build.0 = Debug|Any CPU
		{F7EEB155-A549-4D19-81F5-C98D0AC7F176}.Release|Any CPU.ActiveCfg = Release|Any CPU
		{F7EEB155-A549-4D19-81F5-C98D0AC7F176}.Release|Any CPU.Build.0 = Release|Any CPU
	EndGlobalSection
	GlobalSection(SolutionProperties) = preSolution
		HideSolutionNode = FALSE
	EndGlobalSection
EndGlobal
